Microsoft Visual Studio Solution File, Format Version 12.00
# Visual Studio Version 17
VisualStudioVersion = 17.0.31903.59
MinimumVisualStudioVersion = 10.0.40219.1
Project("{8BC9CEB8-8B4A-11D0-8D11-00A0C91BC942}") = "renderstream", "rs-dll\renderstream.vcxproj", "{8E2F5C4A-91B3-4D6E-A7C8-2F1B9D4E5A63}"
EndProject
Project("{8BC9CEB8-8B4A-11D0-8D11-00A0C91BC942}") = "rs_client", "rs-client\rs_client.vcxproj", "{6B4F3A2C-8D1E-4F5A-9B3C-2E7A1D5C8F4B}"
EndProject
Project("{8BC9CEB8-8B4A-11D0-8D11-00A0C91BC942}") = "rs-agent", "rs-agent\rs-agent.vcxproj", "{7D4E5F6A-1B2C-4D3E-8F9A-0C1D2E3F4A5B}"
EndProject
Global
	GlobalSection(SolutionConfigurationPlatforms) = preSolution
		Debug|x64 = Debug|x64
		Release|x64 = Release|x64
	EndGlobalSection
	GlobalSection(ProjectConfigurationPlatforms) = postSolution
		{8E2F5C4A-91B3-4D6E-A7C8-2F1B9D4E5A63}.Debug|x64.ActiveCfg = Debug|x64
		{8E2F5C4A-91B3-4D6E-A7C8-2F1B9D4E5A63}.Debug|x64.Build.0 = Debug|x64
		{8E2F5C4A-91B3-4D6E-A7C8-2F1B9D4E5A63}.Release|x64.ActiveCfg = Release|x64
		{8E2F5C4A-91B3-4D6E-A7C8-2F1B9D4E5A63}.Release|x64.Build.0 = Release|x64
		{6B4F3A2C-8D1E-4F5A-9B3C-2E7A1D5C8F4B}.Debug|x64.ActiveCfg = Debug|x64
		{6B4F3A2C-8D1E-4F5A-9B3C-2E7A1D5C8F4B}.Debug|x64.Build.0 = Debug|x64
		{6B4F3A2C-8D1E-4F5A-9B3C-2E7A1D5C8F4B}.Release|x64.ActiveCfg = Release|x64
		{6B4F3A2C-8D1E-4F5A-9B3C-2E7A1D5C8F4B}.Release|x64.Build.0 = Release|x64
		{7D4E5F6A-1B2C-4D3E-8F9A-0C1D2E3F4A5B}.Debug|x64.ActiveCfg = Debug|x64
		{7D4E5F6A-1B2C-4D3E-8F9A-0C1D2E3F4A5B}.Debug|x64.Build.0 = Debug|x64
		{7D4E5F6A-1B2C-4D3E-8F9A-0C1D2E3F4A5B}.Release|x64.ActiveCfg = Release|x64
		{7D4E5F6A-1B2C-4D3E-8F9A-0C1D2E3F4A5B}.Release|x64.Build.0 = Release|x64
	EndGlobalSection
	GlobalSection(SolutionProperties) = preSolution
		HideSolutionNode = FALSE
	EndGlobalSection
EndGlobal
